
Microsoft Visual Studio Solution File, Format Version 12.00
Project("{FAE04EC0-301F-11D3-BF4B-00C04F79EFBC}") = "Hymn.Domain.Core", "src\Hymn.Domain.Core\Hymn.Domain.Core.csproj", "{CAAE8CCA-D314-4F16-9805-51A9C972910C}"
EndProject
Project("{2150E333-8FDC-42A3-9474-1A3956D46DE8}") = "1 - Presentation", "1 - Presentation", "{01CD04B6-7DBE-48E2-B549-0BF702616A98}"
EndProject
Project("{2150E333-8FDC-42A3-9474-1A3956D46DE8}") = "2 - Services", "2 - Services", "{A5702197-004D-4EF8-A444-33A9542FFDB6}"
EndProject
Project("{2150E333-8FDC-42A3-9474-1A3956D46DE8}") = "3 - Application", "3 - Application", "{8B4C68D0-EAE2-4AB2-BC35-C601AB12A4EA}"
EndProject
Project("{2150E333-8FDC-42A3-9474-1A3956D46DE8}") = "4 - Domain", "4 - Domain", "{3011604C-D2BE-4B55-BBB3-6EBA3C36FF32}"
EndProject
Project("{2150E333-8FDC-42A3-9474-1A3956D46DE8}") = "5 - Infra", "5 - Infra", "{87696902-D30C-479E-A44C-BDA659B0E674}"
EndProject
Project("{FAE04EC0-301F-11D3-BF4B-00C04F79EFBC}") = "Hymn.Domain", "src\Hymn.Domain\Hymn.Domain.csproj", "{63FC4B38-3FD3-445C-A9C2-E547D2065CCD}"
EndProject
Project("{FAE04EC0-301F-11D3-BF4B-00C04F79EFBC}") = "Hymn.Infra.CrossCutting.Bus", "src\Hymn.Infra.CrossCutting.Bus\Hymn.Infra.CrossCutting.Bus.csproj", "{019DCDD5-ACFF-41A2-825F-DD9F11045CF3}"
EndProject
Project("{2150E333-8FDC-42A3-9474-1A3956D46DE8}") = "5.1 - Data", "5.1 - Data", "{FAEA15C0-B9C4-489D-8F59-F8F591E45340}"
EndProject
Project("{2150E333-8FDC-42A3-9474-1A3956D46DE8}") = "5.2 - CrossCutting", "5.2 - CrossCutting", "{8F6BDC20-3E57-47F9-AE3A-7586849EAE21}"
EndProject
Project("{FAE04EC0-301F-11D3-BF4B-00C04F79EFBC}") = "Hymn.Application", "src\Hymn.Application\Hymn.Application.csproj", "{817C1995-1C86-434C-8AE1-5BC3AA283DA8}"
EndProject
Project("{FAE04EC0-301F-11D3-BF4B-00C04F79EFBC}") = "Hymn.Infra.Data", "src\Hymn.Infra.Data\Hymn.Infra.Data.csproj", "{79C0049A-BA68-447E-9B4F-B3AC9408778C}"
EndProject
Project("{FAE04EC0-301F-11D3-BF4B-00C04F79EFBC}") = "Hymn.Infra.CrossCutting.IoC", "src\Hymn.Infra.CrossCutting.IoC\Hymn.Infra.CrossCutting.IoC.csproj", "{734A968F-87CC-4FE2-96B8-0DC14C96865F}"
EndProject
Project("{FAE04EC0-301F-11D3-BF4B-00C04F79EFBC}") = "Hymn.Infra.CrossCutting.Identity", "src\Hymn.Infra.CrossCutting.Identity\Hymn.Infra.CrossCutting.Identity.csproj", "{D80E2034-5EFF-4C86-86C0-C98F24917FEB}"
EndProject
Project("{FAE04EC0-301F-11D3-BF4B-00C04F79EFBC}") = "Hymn.Services.Api", "src\Hymn.Services.Api\Hymn.Services.Api.csproj", "{73EF62F0-95D0-4DD7-ADCA-1A715CAA9815}"
EndProject
Global
	GlobalSection(SolutionConfigurationPlatforms) = preSolution
		Debug|Any CPU = Debug|Any CPU
		Release|Any CPU = Release|Any CPU
	EndGlobalSection
	GlobalSection(ProjectConfigurationPlatforms) = postSolution
		{CAAE8CCA-D314-4F16-9805-51A9C972910C}.Debug|Any CPU.ActiveCfg = Debug|Any CPU
		{CAAE8CCA-D314-4F16-9805-51A9C972910C}.Debug|Any CPU.Build.0 = Debug|Any CPU
		{CAAE8CCA-D314-4F16-9805-51A9C972910C}.Release|Any CPU.ActiveCfg = Release|Any CPU
		{CAAE8CCA-D314-4F16-9805-51A9C972910C}.Release|Any CPU.Build.0 = Release|Any CPU
		{63FC4B38-3FD3-445C-A9C2-E547D2065CCD}.Debug|Any CPU.ActiveCfg = Debug|Any CPU
		{63FC4B38-3FD3-445C-A9C2-E547D2065CCD}.Debug|Any CPU.Build.0 = Debug|Any CPU
		{63FC4B38-3FD3-445C-A9C2-E547D2065CCD}.Release|Any CPU.ActiveCfg = Release|Any CPU
		{63FC4B38-3FD3-445C-A9C2-E547D2065CCD}.Release|Any CPU.Build.0 = Release|Any CPU
		{019DCDD5-ACFF-41A2-825F-DD9F11045CF3}.Debug|Any CPU.ActiveCfg = Debug|Any CPU
		{019DCDD5-ACFF-41A2-825F-DD9F11045CF3}.Debug|Any CPU.Build.0 = Debug|Any CPU
		{019DCDD5-ACFF-41A2-825F-DD9F11045CF3}.Release|Any CPU.ActiveCfg = Release|Any CPU
		{019DCDD5-ACFF-41A2-825F-DD9F11045CF3}.Release|Any CPU.Build.0 = Release|Any CPU
		{817C1995-1C86-434C-8AE1-5BC3AA283DA8}.Debug|Any CPU.ActiveCfg = Debug|Any CPU
		{817C1995-1C86-434C-8AE1-5BC3AA283DA8}.Debug|Any CPU.Build.0 = Debug|Any CPU
		{817C1995-1C86-434C-8AE1-5BC3AA283DA8}.Release|Any CPU.ActiveCfg = Release|Any CPU
		{817C1995-1C86-434C-8AE1-5BC3AA283DA8}.Release|Any CPU.Build.0 = Release|Any CPU
		{79C0049A-BA68-447E-9B4F-B3AC9408778C}.Debug|Any CPU.ActiveCfg = Debug|Any CPU
		{79C0049A-BA68-447E-9B4F-B3AC9408778C}.Debug|Any CPU.Build.0 = Debug|Any CPU
		{79C0049A-BA68-447E-9B4F-B3AC9408778C}.Release|Any CPU.ActiveCfg = Release|Any CPU
		{79C0049A-BA68-447E-9B4F-B3AC9408778C}.Release|Any CPU.Build.0 = Release|Any CPU
		{734A968F-87CC-4FE2-96B8-0DC14C96865F}.Debug|Any CPU.ActiveCfg = Debug|Any CPU
		{734A968F-87CC-4FE2-96B8-0DC14C96865F}.Debug|Any CPU.Build.0 = Debug|Any CPU
		{734A968F-87CC-4FE2-96B8-0DC14C96865F}.Release|Any CPU.ActiveCfg = Release|Any CPU
		{734A968F-87CC-4FE2-96B8-0DC14C96865F}.Release|Any CPU.Build.0 = Release|Any CPU
		{D80E2034-5EFF-4C86-86C0-C98F24917FEB}.Debug|Any CPU.ActiveCfg = Debug|Any CPU
		{D80E2034-5EFF-4C86-86C0-C98F24917FEB}.Debug|Any CPU.Build.0 = Debug|Any CPU
		{D80E2034-5EFF-4C86-86C0-C98F24917FEB}.Release|Any CPU.ActiveCfg = Release|Any CPU
		{D80E2034-5EFF-4C86-86C0-C98F24917FEB}.Release|Any CPU.Build.0 = Release|Any CPU
		{73EF62F0-95D0-4DD7-ADCA-1A715CAA9815}.Debug|Any CPU.ActiveCfg = Debug|Any CPU
		{73EF62F0-95D0-4DD7-ADCA-1A715CAA9815}.Debug|Any CPU.Build.0 = Debug|Any CPU
		{73EF62F0-95D0-4DD7-ADCA-1A715CAA9815}.Release|Any CPU.ActiveCfg = Release|Any CPU
		{73EF62F0-95D0-4DD7-ADCA-1A715CAA9815}.Release|Any CPU.Build.0 = Release|Any CPU
	EndGlobalSection
	GlobalSection(NestedProjects) = preSolution
		{CAAE8CCA-D314-4F16-9805-51A9C972910C} = {3011604C-D2BE-4B55-BBB3-6EBA3C36FF32}
		{63FC4B38-3FD3-445C-A9C2-E547D2065CCD} = {3011604C-D2BE-4B55-BBB3-6EBA3C36FF32}
		{FAEA15C0-B9C4-489D-8F59-F8F591E45340} = {87696902-D30C-479E-A44C-BDA659B0E674}
		{8F6BDC20-3E57-47F9-AE3A-7586849EAE21} = {87696902-D30C-479E-A44C-BDA659B0E674}
		{019DCDD5-ACFF-41A2-825F-DD9F11045CF3} = {8F6BDC20-3E57-47F9-AE3A-7586849EAE21}
		{817C1995-1C86-434C-8AE1-5BC3AA283DA8} = {8B4C68D0-EAE2-4AB2-BC35-C601AB12A4EA}
		{79C0049A-BA68-447E-9B4F-B3AC9408778C} = {FAEA15C0-B9C4-489D-8F59-F8F591E45340}
		{734A968F-87CC-4FE2-96B8-0DC14C96865F} = {8F6BDC20-3E57-47F9-AE3A-7586849EAE21}
		{D80E2034-5EFF-4C86-86C0-C98F24917FEB} = {8F6BDC20-3E57-47F9-AE3A-7586849EAE21}
		{73EF62F0-95D0-4DD7-ADCA-1A715CAA9815} = {A5702197-004D-4EF8-A444-33A9542FFDB6}
	EndGlobalSection
EndGlobal
